github.com/future-wd-fork/Blonde v0.0.1 h1:5ubIUjsaEuRmN56Uxzia5afLeooZoc87F50u1Em7h9c=
github.com/future-wd-fork/Blonde v0.0.1/go.mod h1:cW/G+3m3jSP4rMwWO7J202H0MP28nGu1q4xHNCeNGl8=
github.com/future-wd-fork/Blonde v0.0.2 h1:aAQ6uZ4NDLmzOmJ3yBMezRyO8qqxn/gp62ceLO6/81o=
github.com/future-wd-fork/Blonde v0.0.2/go.mod h1:cW/G+3m3jSP4rMwWO7J202H0MP28nGu1q4xHNCeNGl8=
github.com/future-wd-fork/Blonde v0.0.3 h1:LzVmR2HdHxfgNJeEI8OSYvilSsQ4KRdsDF0BsDLrPLs=
github.com/future-wd-fork/Blonde v0.0.3/go.mod h1:cW/G+3m3jSP4rMwWO7J202H0MP28nGu1q4xHNCeNGl8=
github.com/future-wd-fork/Blonde v0.0.4 h1:/A1g3sBid3F5LH7yc0NIA3NgzL9syleDneThMPLplQY=
github.com/future-wd-fork/Blonde v0.0.4/go.mod h1:cW/G+3m3jSP4rMwWO7J202H0MP28nGu1q4xHNCeNGl8=
github.com/future-wd-fork/Blonde v0.0.5 h1:pBToK6EzBR+yxwAFMeuI65F80ml3Kvqf4RU36tD5piE=
github.com/future-wd-fork/Blonde v0.0.5/go.mod h1:cW/G+3m3jSP4rMwWO7J202H0MP28nGu1q4xHNCeNGl8=
github.com/future-wd-fork/Blonde v0.0.6 h1:b4tL340S3WEXAmMBa+E6o3GbbZKtajxPwE5Ns4eT2Io=
github.com/future-wd-fork/Blonde v0.0.6/go.mod h1:cW/G+3m3jSP4rMwWO7J202H0MP28nGu1q4xHNCeNGl8=
github.com/future-wd/hugo-svg-font/v2 v2.3.3 h1:PYoGTQRtPBFaqnsrxhM4V8BOuIyju3LW/4FeHwyfMXM=
github.com/future-wd/hugo-svg-font/v2 v2.3.3/go.mod h1:+fHj9IQFqQPVz/JXV5uEiqmkDRQLeClX7IlBp/fvfhI=
